// !$*UTF8*$!
{
	archiveVersion = 1;
	classes = {
	};
	objectVersion = 56;
	objects = {

/* Begin PBXBuildFile section */
		715B1ABA2B7B607D0060219E /* ThinkDrawingApp.swift in Sources */ = {isa = PBXBuildFile; fileRef = 715B1AB92B7B607D0060219E /* ThinkDrawingApp.swift */; };
		715B1ABC2B7B607D0060219E /* ContentView.swift in Sources */ = {isa = PBXBuildFile; fileRef = 715B1ABB2B7B607D0060219E /* ContentView.swift */; };
		715B1ABE2B7B607F0060219E /* Assets.xcassets in Resources */ = {isa = PBXBuildFile; fileRef = 715B1ABD2B7B607F0060219E /* Assets.xcassets */; };
		715B1AC12B7B607F0060219E /* Preview Assets.xcassets in Resources */ = {isa = PBXBuildFile; fileRef = 715B1AC02B7B607F0060219E /* Preview Assets.xcassets */; };
		715B1ACB2B7B607F0060219E /* ThinkDrawingTests.swift in Sources */ = {isa = PBXBuildFile; fileRef = 715B1ACA2B7B607F0060219E /* ThinkDrawingTests.swift */; };
		715B1AD52B7B607F0060219E /* ThinkDrawingUITests.swift in Sources */ = {isa = PBXBuildFile; fileRef = 715B1AD42B7B607F0060219E /* ThinkDrawingUITests.swift */; };
		715B1AD72B7B607F0060219E /* ThinkDrawingUITestsLaunchTests.swift in Sources */ = {isa = PBXBuildFile; fileRef = 715B1AD62B7B607F0060219E /* ThinkDrawingUITestsLaunchTests.swift */; };
/* End PBXBuildFile section */

/* Begin PBXContainerItemProxy section */
		715B1AC72B7B607F0060219E /* PBXContainerItemProxy */ = {
			isa = PBXContainerItemProxy;
			containerPortal = 715B1AAE2B7B607C0060219E /* Project object */;
			proxyType = 1;
			remoteGlobalIDString = 715B1AB52B7B607D0060219E;
			remoteInfo = ThinkDrawing;
		};
		715B1AD12B7B607F0060219E /* PBXContainerItemProxy */ = {
			isa = PBXContainerItemProxy;
			containerPortal = 715B1AAE2B7B607C0060219E /* Project object */;
			proxyType = 1;
			remoteGlobalIDString = 715B1AB52B7B607D0060219E;
			remoteInfo = ThinkDrawing;
		};
/* End PBXContainerItemProxy section */

/* Begin PBXFileReference section */
		715B1AB62B7B607D0060219E /* ThinkDrawing.app */ = {isa = PBXFileReference; explicitFileType = wrapper.application; includeInIndex = 0; path = ThinkDrawing.app; sourceTree = BUILT_PRODUCTS_DIR; };
		715B1AB92B7B607D0060219E /* ThinkDrawingApp.swift */ = {isa = PBXFileReference; lastKnownFileType = sourcecode.swift; path = ThinkDrawingApp.swift; sourceTree = "<group>"; };
		715B1ABB2B7B607D0060219E /* ContentView.swift */ = {isa = PBXFileReference; lastKnownFileType = sourcecode.swift; path = ContentView.swift; sourceTree = "<group>"; };
		715B1ABD2B7B607F0060219E /* Assets.xcassets */ = {isa = PBXFileReference; lastKnownFileType = folder.assetcatalog; path = Assets.xcassets; sourceTree = "<group>"; };
		715B1AC02B7B607F0060219E /* Preview Assets.xcassets */ = {isa = PBXFileReference; lastKnownFileType = folder.assetcatalog; path = "Preview Assets.xcassets"; sourceTree = "<group>"; };
		715B1AC62B7B607F0060219E /* ThinkDrawingTests.xctest */ = {isa = PBXFileReference; explicitFileType = wrapper.cfbundle; includeInIndex = 0; path = ThinkDrawingTests.xctest; sourceTree = BUILT_PRODUCTS_DIR; };
		715B1ACA2B7B607F0060219E /* ThinkDrawingTests.swift */ = {isa = PBXFileReference; lastKnownFileType = sourcecode.swift; path = ThinkDrawingTests.swift; sourceTree = "<group>"; };
		715B1AD02B7B607F0060219E /* ThinkDrawingUITests.xctest */ = {isa = PBXFileReference; explicitFileType = wrapper.cfbundle; includeInIndex = 0; path = ThinkDrawingUITests.xctest; sourceTree = BUILT_PRODUCTS_DIR; };
		715B1AD42B7B607F0060219E /* ThinkDrawingUITests.swift */ = {isa = PBXFileReference; lastKnownFileType = sourcecode.swift; path = ThinkDrawingUITests.swift; sourceTree = "<group>"; };
		715B1AD62B7B607F0060219E /* ThinkDrawingUITestsLaunchTests.swift */ = {isa = PBXFileReference; lastKnownFileType = sourcecode.swift; path = ThinkDrawingUITestsLaunchTests.swift; sourceTree = "<group>"; };
/* End PBXFileReference section */

/* Begin PBXFrameworksBuildPhase section */
		715B1AB32B7B607D0060219E /* Frameworks */ = {
			isa = PBXFrameworksBuildPhase;
			buildActionMask = 2147483647;
			files = (
			);
			runOnlyForDeploymentPostprocessing = 0;
		};
		715B1AC32B7B607F0060219E /* Frameworks */ = {
			isa = PBXFrameworksBuildPhase;
			buildActionMask = 2147483647;
			files = (
			);
			runOnlyForDeploymentPostprocessing = 0;
		};
		715B1ACD2B7B607F0060219E /* Frameworks */ = {
			isa = PBXFrameworksBuildPhase;
			buildActionMask = 2147483647;
			files = (
			);
			runOnlyForDeploymentPostprocessing = 0;
		};
/* End PBXFrameworksBuildPhase section */

/* Begin PBXGroup section */
		715B1AAD2B7B607C0060219E = {
			isa = PBXGroup;
			children = (
				715B1AB82B7B607D0060219E /* ThinkDrawing */,
				715B1AC92B7B607F0060219E /* ThinkDrawingTests */,
				715B1AD32B7B607F0060219E /* ThinkDrawingUITests */,
				715B1AB72B7B607D0060219E /* Products */,
			);
			sourceTree = "<group>";
		};
		715B1AB72B7B607D0060219E /* Products */ = {
			isa = PBXGroup;
			children = (
				715B1AB62B7B607D0060219E /* ThinkDrawing.app */,
				715B1AC62B7B607F0060219E /* ThinkDrawingTests.xctest */,
				715B1AD02B7B607F0060219E /* ThinkDrawingUITests.xctest */,
			);
			name = Products;
			sourceTree = "<group>";
		};
		715B1AB82B7B607D0060219E /* ThinkDrawing */ = {
			isa = PBXGroup;
			children = (
				715B1AB92B7B607D0060219E /* ThinkDrawingApp.swift */,
				715B1ABB2B7B607D0060219E /* ContentView.swift */,
				715B1ABD2B7B607F0060219E /* Assets.xcassets */,
				715B1ABF2B7B607F0060219E /* Preview Content */,
			);
			path = ThinkDrawing;
			sourceTree = "<group>";
		};
		715B1ABF2B7B607F0060219E /* Preview Content */ = {
			isa = PBXGroup;
			children = (
				715B1AC02B7B607F0060219E /* Preview Assets.xcassets */,
			);
			path = "Preview Content";
			sourceTree = "<group>";
		};
		715B1AC92B7B607F0060219E /* ThinkDrawingTests */ = {
			isa = PBXGroup;
			children = (
				715B1ACA2B7B607F0060219E /* ThinkDrawingTests.swift */,
			);
			path = ThinkDrawingTests;
			sourceTree = "<group>";
		};
		715B1AD32B7B607F0060219E /* ThinkDrawingUITests */ = {
			isa = PBXGroup;
			children = (
				715B1AD42B7B607F0060219E /* ThinkDrawingUITests.swift */,
				715B1AD62B7B607F0060219E /* ThinkDrawingUITestsLaunchTests.swift */,
			);
			path = ThinkDrawingUITests;
			sourceTree = "<group>";
		};
/* End PBXGroup section */

/* Begin PBXNativeTarget section */
		715B1AB52B7B607D0060219E /* ThinkDrawing */ = {
			isa = PBXNativeTarget;
			buildConfigurationList = 715B1ADA2B7B607F0060219E /* Build configuration list for PBXNativeTarget "ThinkDrawing" */;
			buildPhases = (
				715B1AB22B7B607D0060219E /* Sources */,
				715B1AB32B7B607D0060219E /* Frameworks */,
				715B1AB42B7B607D0060219E /* Resources */,
			);
			buildRules = (
			);
			dependencies = (
			);
			name = ThinkDrawing;
			productName = ThinkDrawing;
			productReference = 715B1AB62B7B607D0060219E /* ThinkDrawing.app */;
			productType = "com.apple.product-type.application";
		};
		715B1AC52B7B607F0060219E /* ThinkDrawingTests */ = {
			isa = PBXNativeTarget;
			buildConfigurationList = 715B1ADD2B7B607F0060219E /* Build configuration list for PBXNativeTarget "ThinkDrawingTests" */;
			buildPhases = (
				715B1AC22B7B607F0060219E /* Sources */,
				715B1AC32B7B607F0060219E /* Frameworks */,
				715B1AC42B7B607F0060219E /* Resources */,
			);
			buildRules = (
			);
			dependencies = (
				715B1AC82B7B607F0060219E /* PBXTargetDependency */,
			);
			name = ThinkDrawingTests;
			productName = ThinkDrawingTests;
			productReference = 715B1AC62B7B607F0060219E /* ThinkDrawingTests.xctest */;
			productType = "com.apple.product-type.bundle.unit-test";
		};
		715B1ACF2B7B607F0060219E /* ThinkDrawingUITests */ = {
			isa = PBXNativeTarget;
			buildConfigurationList = 715B1AE02B7B607F0060219E /* Build configuration list for PBXNativeTarget "ThinkDrawingUITests" */;
			buildPhases = (
				715B1ACC2B7B607F0060219E /* Sources */,
				715B1ACD2B7B607F0060219E /* Frameworks */,
				715B1ACE2B7B607F0060219E /* Resources */,
			);
			buildRules = (
			);
			dependencies = (
				715B1AD22B7B607F0060219E /* PBXTargetDependency */,
			);
			name = ThinkDrawingUITests;
			productName = ThinkDrawingUITests;
			productReference = 715B1AD02B7B607F0060219E /* ThinkDrawingUITests.xctest */;
			productType = "com.apple.product-type.bundle.ui-testing";
		};
/* End PBXNativeTarget section */

/* Begin PBXProject section */
		715B1AAE2B7B607C0060219E /* Project object */ = {
			isa = PBXProject;
			attributes = {
				BuildIndependentTargetsInParallel = 1;
				LastSwiftUpdateCheck = 1520;
				LastUpgradeCheck = 1520;
				TargetAttributes = {
					715B1AB52B7B607D0060219E = {
						CreatedOnToolsVersion = 15.2;
					};
					715B1AC52B7B607F0060219E = {
						CreatedOnToolsVersion = 15.2;
						TestTargetID = 715B1AB52B7B607D0060219E;
					};
					715B1ACF2B7B607F0060219E = {
						CreatedOnToolsVersion = 15.2;
						TestTargetID = 715B1AB52B7B607D0060219E;
					};
				};
			};
			buildConfigurationList = 715B1AB12B7B607C0060219E /* Build configuration list for PBXProject "ThinkDrawing" */;
			compatibilityVersion = "Xcode 14.0";
			developmentRegion = en;
			hasScannedForEncodings = 0;
			knownRegions = (
				en,
				Base,
			);
			mainGroup = 715B1AAD2B7B607C0060219E;
			productRefGroup = 715B1AB72B7B607D0060219E /* Products */;
			projectDirPath = "";
			projectRoot = "";
			targets = (
				715B1AB52B7B607D0060219E /* ThinkDrawing */,
				715B1AC52B7B607F0060219E /* ThinkDrawingTests */,
				715B1ACF2B7B607F0060219E /* ThinkDrawingUITests */,
			);
		};
/* End PBXProject section */

/* Begin PBXResourcesBuildPhase section */
		715B1AB42B7B607D0060219E /* Resources */ = {
			isa = PBXResourcesBuildPhase;
			buildActionMask = 2147483647;
			files = (
				715B1AC12B7B607F0060219E /* Preview Assets.xcassets in Resources */,
				715B1ABE2B7B607F0060219E /* Assets.xcassets in Resources */,
			);
			runOnlyForDeploymentPostprocessing = 0;
		};
		715B1AC42B7B607F0060219E /* Resources */ = {
			isa = PBXResourcesBuildPhase;
			buildActionMask = 2147483647;
			files = (
			);
			runOnlyForDeploymentPostprocessing = 0;
		};
		715B1ACE2B7B607F0060219E /* Resources */ = {
			isa = PBXResourcesBuildPhase;
			buildActionMask = 2147483647;
			files = (
			);
			runOnlyForDeploymentPostprocessing = 0;
		};
/* End PBXResourcesBuildPhase section */

/* Begin PBXSourcesBuildPhase section */
		715B1AB22B7B607D0060219E /* Sources */ = {
			isa = PBXSourcesBuildPhase;
			buildActionMask = 2147483647;
			files = (
				715B1ABC2B7B607D0060219E /* ContentView.swift in Sources */,
				715B1ABA2B7B607D0060219E /* ThinkDrawingApp.swift in Sources */,
			);
			runOnlyForDeploymentPostprocessing = 0;
		};
		715B1AC22B7B607F0060219E /* Sources */ = {
			isa = PBXSourcesBuildPhase;
			buildActionMask = 2147483647;
			files = (
				715B1ACB2B7B607F0060219E /* ThinkDrawingTests.swift in Sources */,
			);
			runOnlyForDeploymentPostprocessing = 0;
		};
		715B1ACC2B7B607F0060219E /* Sources */ = {
			isa = PBXSourcesBuildPhase;
			buildActionMask = 2147483647;
			files = (
				715B1AD72B7B607F0060219E /* ThinkDrawingUITestsLaunchTests.swift in Sources */,
				715B1AD52B7B607F0060219E /* ThinkDrawingUITests.swift in Sources */,
			);
			runOnlyForDeploymentPostprocessing = 0;
		};
/* End PBXSourcesBuildPhase section */

/* Begin PBXTargetDependency section */
		715B1AC82B7B607F0060219E /* PBXTargetDependency */ = {
			isa = PBXTargetDependency;
			target = 715B1AB52B7B607D0060219E /* ThinkDrawing */;
			targetProxy = 715B1AC72B7B607F0060219E /* PBXContainerItemProxy */;
		};
		715B1AD22B7B607F0060219E /* PBXTargetDependency */ = {
			isa = PBXTargetDependency;
			target = 715B1AB52B7B607D0060219E /* ThinkDrawing */;
			targetProxy = 715B1AD12B7B607F0060219E /* PBXContainerItemProxy */;
		};
/* End PBXTargetDependency section */

/* Begin XCBuildConfiguration section */
		715B1AD82B7B607F0060219E /* Debug */ = {
			isa = XCBuildConfiguration;
			buildSettings = {
				ALWAYS_SEARCH_USER_PATHS = NO;
				ASSETCATALOG_COMPILER_GENERATE_SWIFT_ASSET_SYMBOL_EXTENSIONS = YES;
				CLANG_ANALYZER_NONNULL = YES;
				CLANG_ANALYZER_NUMBER_OBJECT_CONVERSION = YES_AGGRESSIVE;
				CLANG_CXX_LANGUAGE_STANDARD = "gnu++20";
				CLANG_ENABLE_MODULES = YES;
				CLANG_ENABLE_OBJC_ARC = YES;
				CLANG_ENABLE_OBJC_WEAK = YES;
				CLANG_WARN_BLOCK_CAPTURE_AUTORELEASING = YES;
				CLANG_WARN_BOOL_CONVERSION = YES;
				CLANG_WARN_COMMA = YES;
				CLANG_WARN_CONSTANT_CONVERSION = YES;
				CLANG_WARN_DEPRECATED_OBJC_IMPLEMENTATIONS = YES;
				CLANG_WARN_DIRECT_OBJC_ISA_USAGE = YES_ERROR;
				CLANG_WARN_DOCUMENTATION_COMMENTS = YES;
				CLANG_WARN_EMPTY_BODY = YES;
				CLANG_WARN_ENUM_CONVERSION = YES;
				CLANG_WARN_INFINITE_RECURSION = YES;
				CLANG_WARN_INT_CONVERSION = YES;
				CLANG_WARN_NON_LITERAL_NULL_CONVERSION = YES;
				CLANG_WARN_OBJC_IMPLICIT_RETAIN_SELF = YES;
				CLANG_WARN_OBJC_LITERAL_CONVERSION = YES;
				CLANG_WARN_OBJC_ROOT_CLASS = YES_ERROR;
				CLANG_WARN_QUOTED_INCLUDE_IN_FRAMEWORK_HEADER = YES;
				CLANG_WARN_RANGE_LOOP_ANALYSIS = YES;
				CLANG_WARN_STRICT_PROTOTYPES = YES;
				CLANG_WARN_SUSPICIOUS_MOVE = YES;
				CLANG_WARN_UNGUARDED_AVAILABILITY = YES_AGGRESSIVE;
				CLANG_WARN_UNREACHABLE_CODE = YES;
				CLANG_WARN__DUPLICATE_METHOD_MATCH = YES;
				COPY_PHASE_STRIP = NO;
				DEBUG_INFORMATION_FORMAT = dwarf;
				ENABLE_STRICT_OBJC_MSGSEND = YES;
				ENABLE_TESTABILITY = YES;
				ENABLE_USER_SCRIPT_SANDBOXING = YES;
				GCC_C_LANGUAGE_STANDARD = gnu17;
				GCC_DYNAMIC_NO_PIC = NO;
				GCC_NO_COMMON_BLOCKS = YES;
				GCC_OPTIMIZATION_LEVEL = 0;
				GCC_PREPROCESSOR_DEFINITIONS = (
					"DEBUG=1",
					"$(inherited)",
				);
				GCC_WARN_64_TO_32_BIT_CONVERSION = YES;
				GCC_WARN_ABOUT_RETURN_TYPE = YES_ERROR;
				GCC_WARN_UNDECLARED_SELECTOR = YES;
				GCC_WARN_UNINITIALIZED_AUTOS = YES_AGGRESSIVE;
				GCC_WARN_UNUSED_FUNCTION = YES;
				GCC_WARN_UNUSED_VARIABLE = YES;
				IPHONEOS_DEPLOYMENT_TARGET = 17.2;
				LOCALIZATION_PREFERS_STRING_CATALOGS = YES;
				MTL_ENABLE_DEBUG_INFO = INCLUDE_SOURCE;
				MTL_FAST_MATH = YES;
				ONLY_ACTIVE_ARCH = YES;
				SDKROOT = iphoneos;
				SWIFT_ACTIVE_COMPILATION_CONDITIONS = "DEBUG $(inherited)";
				SWIFT_OPTIMIZATION_LEVEL = "-Onone";
			};
			name = Debug;
		};
		715B1AD92B7B607F0060219E /* Release */ = {
			isa = XCBuildConfiguration;
			buildSettings = {
				ALWAYS_SEARCH_USER_PATHS = NO;
				ASSETCATALOG_COMPILER_GENERATE_SWIFT_ASSET_SYMBOL_EXTENSIONS = YES;
				CLANG_ANALYZER_NONNULL = YES;
				CLANG_ANALYZER_NUMBER_OBJECT_CONVERSION = YES_AGGRESSIVE;
				CLANG_CXX_LANGUAGE_STANDARD = "gnu++20";
				CLANG_ENABLE_MODULES = YES;
				CLANG_ENABLE_OBJC_ARC = YES;
				CLANG_ENABLE_OBJC_WEAK = YES;
				CLANG_WARN_BLOCK_CAPTURE_AUTORELEASING = YES;
				CLANG_WARN_BOOL_CONVERSION = YES;
				CLANG_WARN_COMMA = YES;
				CLANG_WARN_CONSTANT_CONVERSION = YES;
				CLANG_WARN_DEPRECATED_OBJC_IMPLEMENTATIONS = YES;
				CLANG_WARN_DIRECT_OBJC_ISA_USAGE = YES_ERROR;
				CLANG_WARN_DOCUMENTATION_COMMENTS = YES;
				CLANG_WARN_EMPTY_BODY = YES;
				CLANG_WARN_ENUM_CONVERSION = YES;
				CLANG_WARN_INFINITE_RECURSION = YES;
				CLANG_WARN_INT_CONVERSION = YES;
				CLANG_WARN_NON_LITERAL_NULL_CONVERSION = YES;
				CLANG_WARN_OBJC_IMPLICIT_RETAIN_SELF = YES;
				CLANG_WARN_OBJC_LITERAL_CONVERSION = YES;
				CLANG_WARN_OBJC_ROOT_CLASS = YES_ERROR;
				CLANG_WARN_QUOTED_INCLUDE_IN_FRAMEWORK_HEADER = YES;
				CLANG_WARN_RANGE_LOOP_ANALYSIS = YES;
				CLANG_WARN_STRICT_PROTOTYPES = YES;
				CLANG_WARN_SUSPICIOUS_MOVE = YES;
				CLANG_WARN_UNGUARDED_AVAILABILITY = YES_AGGRESSIVE;
				CLANG_WARN_UNREACHABLE_CODE = YES;
				CLANG_WARN__DUPLICATE_METHOD_MATCH = YES;
				COPY_PHASE_STRIP = NO;
				DEBUG_INFORMATION_FORMAT = "dwarf-with-dsym";
				ENABLE_NS_ASSERTIONS = NO;
				ENABLE_STRICT_OBJC_MSGSEND = YES;
				ENABLE_USER_SCRIPT_SANDBOXING = YES;
				GCC_C_LANGUAGE_STANDARD = gnu17;
				GCC_NO_COMMON_BLOCKS = YES;
				GCC_WARN_64_TO_32_BIT_CONVERSION = YES;
				GCC_WARN_ABOUT_RETURN_TYPE = YES_ERROR;
				GCC_WARN_UNDECLARED_SELECTOR = YES;
				GCC_WARN_UNINITIALIZED_AUTOS = YES_AGGRESSIVE;
				GCC_WARN_UNUSED_FUNCTION = YES;
				GCC_WARN_UNUSED_VARIABLE = YES;
				IPHONEOS_DEPLOYMENT_TARGET = 17.2;
				LOCALIZATION_PREFERS_STRING_CATALOGS = YES;
				MTL_ENABLE_DEBUG_INFO = NO;
				MTL_FAST_MATH = YES;
				SDKROOT = iphoneos;
				SWIFT_COMPILATION_MODE = wholemodule;
				VALIDATE_PRODUCT = YES;
			};
			name = Release;
		};
		715B1ADB2B7B607F0060219E /* Debug */ = {
			isa = XCBuildConfiguration;
			buildSettings = {
				ASSETCATALOG_COMPILER_APPICON_NAME = AppIcon;
				ASSETCATALOG_COMPILER_GLOBAL_ACCENT_COLOR_NAME = AccentColor;
				CODE_SIGN_STYLE = Automatic;
				CURRENT_PROJECT_VERSION = 1;
				DEVELOPMENT_ASSET_PATHS = "\"ThinkDrawing/Preview Content\"";
				DEVELOPMENT_TEAM = T38A32PU85;
				ENABLE_PREVIEWS = YES;
				GENERATE_INFOPLIST_FILE = YES;
				INFOPLIST_KEY_UIApplicationSceneManifest_Generation = YES;
				INFOPLIST_KEY_UIApplicationSupportsIndirectInputEvents = YES;
				INFOPLIST_KEY_UILaunchScreen_Generation = YES;
				INFOPLIST_KEY_UISupportedInterfaceOrientations_iPad = "UIInterfaceOrientationPortrait UIInterfaceOrientationPortraitUpsideDown UIInterfaceOrientationLandscapeLeft UIInterfaceOrientationLandscapeRight";
				INFOPLIST_KEY_UISupportedInterfaceOrientations_iPhone = "UIInterfaceOrientationPortrait UIInterfaceOrientationLandscapeLeft UIInterfaceOrientationLandscapeRight";
				LD_RUNPATH_SEARCH_PATHS = (
					"$(inherited)",
					"@executable_path/Frameworks",
				);
				MARKETING_VERSION = 1.0;
				PRODUCT_BUNDLE_IDENTIFIER = ThinkAnts.ThinkDrawing;
				PRODUCT_NAME = "$(TARGET_NAME)";
				SWIFT_EMIT_LOC_STRINGS = YES;
				SWIFT_VERSION = 5.0;
				TARGETED_DEVICE_FAMILY = "1,2";
			};
			name = Debug;
		};
		715B1ADC2B7B607F0060219E /* Release */ = {
			isa = XCBuildConfiguration;
			buildSettings = {
				ASSETCATALOG_COMPILER_APPICON_NAME = AppIcon;
				ASSETCATALOG_COMPILER_GLOBAL_ACCENT_COLOR_NAME = AccentColor;
				CODE_SIGN_STYLE = Automatic;
				CURRENT_PROJECT_VERSION = 1;
				DEVELOPMENT_ASSET_PATHS = "\"ThinkDrawing/Preview Content\"";
				DEVELOPMENT_TEAM = T38A32PU85;
				ENABLE_PREVIEWS = YES;
				GENERATE_INFOPLIST_FILE = YES;
				INFOPLIST_KEY_UIApplicationSceneManifest_Generation = YES;
				INFOPLIST_KEY_UIApplicationSupportsIndirectInputEvents = YES;
				INFOPLIST_KEY_UILaunchScreen_Generation = YES;
				INFOPLIST_KEY_UISupportedInterfaceOrientations_iPad = "UIInterfaceOrientationPortrait UIInterfaceOrientationPortraitUpsideDown UIInterfaceOrientationLandscapeLeft UIInterfaceOrientationLandscapeRight";
				INFOPLIST_KEY_UISupportedInterfaceOrientations_iPhone = "UIInterfaceOrientationPortrait UIInterfaceOrientationLandscapeLeft UIInterfaceOrientationLandscapeRight";
				LD_RUNPATH_SEARCH_PATHS = (
					"$(inherited)",
					"@executable_path/Frameworks",
				);
				MARKETING_VERSION = 1.0;
				PRODUCT_BUNDLE_IDENTIFIER = ThinkAnts.ThinkDrawing;
				PRODUCT_NAME = "$(TARGET_NAME)";
				SWIFT_EMIT_LOC_STRINGS = YES;
				SWIFT_VERSION = 5.0;
				TARGETED_DEVICE_FAMILY = "1,2";
			};
			name = Release;
		};
		715B1ADE2B7B607F0060219E /* Debug */ = {
			isa = XCBuildConfiguration;
			buildSettings = {
				ALWAYS_EMBED_SWIFT_STANDARD_LIBRARIES = YES;
				BUNDLE_LOADER = "$(TEST_HOST)";
				CODE_SIGN_STYLE = Automatic;
				CURRENT_PROJECT_VERSION = 1;
				DEVELOPMENT_TEAM = T38A32PU85;
				GENERATE_INFOPLIST_FILE = YES;
				IPHONEOS_DEPLOYMENT_TARGET = 17.2;
				MARKETING_VERSION = 1.0;
				PRODUCT_BUNDLE_IDENTIFIER = ThinkAnts.ThinkDrawingTests;
				PRODUCT_NAME = "$(TARGET_NAME)";
				SWIFT_EMIT_LOC_STRINGS = NO;
				SWIFT_VERSION = 5.0;
				TARGETED_DEVICE_FAMILY = "1,2";
				TEST_HOST = "$(BUILT_PRODUCTS_DIR)/ThinkDrawing.app/$(BUNDLE_EXECUTABLE_FOLDER_PATH)/ThinkDrawing";
			};
			name = Debug;
		};
		715B1ADF2B7B607F0060219E /* Release */ = {
			isa = XCBuildConfiguration;
			buildSettings = {
				ALWAYS_EMBED_SWIFT_STANDARD_LIBRARIES = YES;
				BUNDLE_LOADER = "$(TEST_HOST)";
				CODE_SIGN_STYLE = Automatic;
				CURRENT_PROJECT_VERSION = 1;
				DEVELOPMENT_TEAM = T38A32PU85;
				GENERATE_INFOPLIST_FILE = YES;
				IPHONEOS_DEPLOYMENT_TARGET = 17.2;
				MARKETING_VERSION = 1.0;
				PRODUCT_BUNDLE_IDENTIFIER = ThinkAnts.ThinkDrawingTests;
				PRODUCT_NAME = "$(TARGET_NAME)";
				SWIFT_EMIT_LOC_STRINGS = NO;
				SWIFT_VERSION = 5.0;
				TARGETED_DEVICE_FAMILY = "1,2";
				TEST_HOST = "$(BUILT_PRODUCTS_DIR)/ThinkDrawing.app/$(BUNDLE_EXECUTABLE_FOLDER_PATH)/ThinkDrawing";
			};
			name = Release;
		};
		715B1AE12B7B607F0060219E /* Debug */ = {
			isa = XCBuildConfiguration;
			buildSettings = {
				ALWAYS_EMBED_SWIFT_STANDARD_LIBRARIES = YES;
				CODE_SIGN_STYLE = Automatic;
				CURRENT_PROJECT_VERSION = 1;
				DEVELOPMENT_TEAM = T38A32PU85;
				GENERATE_INFOPLIST_FILE = YES;
				MARKETING_VERSION = 1.0;
				PRODUCT_BUNDLE_IDENTIFIER = ThinkAnts.ThinkDrawingUITests;
				PRODUCT_NAME = "$(TARGET_NAME)";
				SWIFT_EMIT_LOC_STRINGS = NO;
				SWIFT_VERSION = 5.0;
				TARGETED_DEVICE_FAMILY = "1,2";
				TEST_TARGET_NAME = ThinkDrawing;
			};
			name = Debug;
		};
		715B1AE22B7B607F0060219E /* Release */ = {
			isa = XCBuildConfiguration;
			buildSettings = {
				ALWAYS_EMBED_SWIFT_STANDARD_LIBRARIES = YES;
				CODE_SIGN_STYLE = Automatic;
				CURRENT_PROJECT_VERSION = 1;
				DEVELOPMENT_TEAM = T38A32PU85;
				GENERATE_INFOPLIST_FILE = YES;
				MARKETING_VERSION = 1.0;
				PRODUCT_BUNDLE_IDENTIFIER = ThinkAnts.ThinkDrawingUITests;
				PRODUCT_NAME = "$(TARGET_NAME)";
				SWIFT_EMIT_LOC_STRINGS = NO;
				SWIFT_VERSION = 5.0;
				TARGETED_DEVICE_FAMILY = "1,2";
				TEST_TARGET_NAME = ThinkDrawing;
			};
			name = Release;
		};
/* End XCBuildConfiguration section */

/* Begin XCConfigurationList section */
		715B1AB12B7B607C0060219E /* Build configuration list for PBXProject "ThinkDrawing" */ = {
			isa = XCConfigurationList;
			buildConfigurations = (
				715B1AD82B7B607F0060219E /* Debug */,
				715B1AD92B7B607F0060219E /* Release */,
			);
			defaultConfigurationIsVisible = 0;
			defaultConfigurationName = Release;
		};
		715B1ADA2B7B607F0060219E /* Build configuration list for PBXNativeTarget "ThinkDrawing" */ = {
			isa = XCConfigurationList;
			buildConfigurations = (
				715B1ADB2B7B607F0060219E /* Debug */,
				715B1ADC2B7B607F0060219E /* Release */,
			);
			defaultConfigurationIsVisible = 0;
			defaultConfigurationName = Release;
		};
		715B1ADD2B7B607F0060219E /* Build configuration list for PBXNativeTarget "ThinkDrawingTests" */ = {
			isa = XCConfigurationList;
			buildConfigurations = (
				715B1ADE2B7B607F0060219E /* Debug */,
				715B1ADF2B7B607F0060219E /* Release */,
			);
			defaultConfigurationIsVisible = 0;
			defaultConfigurationName = Release;
		};
		715B1AE02B7B607F0060219E /* Build configuration list for PBXNativeTarget "ThinkDrawingUITests" */ = {
			isa = XCConfigurationList;
			buildConfigurations = (
				715B1AE12B7B607F0060219E /* Debug */,
				715B1AE22B7B607F0060219E /* Release */,
			);
			defaultConfigurationIsVisible = 0;
			defaultConfigurationName = Release;
		};
/* End XCConfigurationList section */
	};
	rootObject = 715B1AAE2B7B607C0060219E /* Project object */;
}
